
Microsoft Visual Studio Solution File, Format Version 12.00
# Visual Studio Version 16
VisualStudioVersion = 16.0.31105.61
MinimumVisualStudioVersion = 10.0.40219.1
Project("{FAE04EC0-301F-11D3-BF4B-00C04F79EFBC}") = "WpfApplicationChart", "WpfApplicationChart.csproj", "{A60CB98D-6836-4198-9D73-F3B2AEF25FF8}"
EndProject
Global
	GlobalSection(SolutionConfigurationPlatforms) = preSolution
		Debug|Any CPU = Debug|Any CPU
		Release|Any CPU = Release|Any CPU
		x64|Any CPU = x64|Any CPU
	EndGlobalSection
	GlobalSection(ProjectConfigurationPlatforms) = postSolution
		{A60CB98D-6836-4198-9D73-F3B2AEF25FF8}.Debug|Any CPU.ActiveCfg = Debug|Any CPU
		{A60CB98D-6836-4198-9D73-F3B2AEF25FF8}.Debug|Any CPU.Build.0 = Debug|Any CPU
		{A60CB98D-6836-4198-9D73-F3B2AEF25FF8}.Release|Any CPU.ActiveCfg = Release|Any CPU
		{A60CB98D-6836-4198-9D73-F3B2AEF25FF8}.Release|Any CPU.Build.0 = Release|Any CPU
		{A60CB98D-6836-4198-9D73-F3B2AEF25FF8}.x64|Any CPU.ActiveCfg = x64|Any CPU
		{A60CB98D-6836-4198-9D73-F3B2AEF25FF8}.x64|Any CPU.Build.0 = x64|Any CPU
	EndGlobalSection
	GlobalSection(SolutionProperties) = preSolution
		HideSolutionNode = FALSE
	EndGlobalSection
	GlobalSection(ExtensibilityGlobals) = postSolution
		SolutionGuid = {35566A52-AB96-4001-B16F-42CBB6553DC9}
	EndGlobalSection
EndGlobal
