
Microsoft Visual Studio Solution File, Format Version 12.00
# Visual Studio Version 16
VisualStudioVersion = 16.0.31112.23
MinimumVisualStudioVersion = 10.0.40219.1
Project("{FAE04EC0-301F-11D3-BF4B-00C04F79EFBC}") = "WpfRoutedEvent_2_2", "WpfRoutedEvent_2_2\WpfRoutedEvent_2_2.csproj", "{A8DCD241-939A-4C31-A32E-9062377180AC}"
EndProject
Global
	GlobalSection(SolutionConfigurationPlatforms) = preSolution
		Debug|Any CPU = Debug|Any CPU
		Release|Any CPU = Release|Any CPU
	EndGlobalSection
	GlobalSection(ProjectConfigurationPlatforms) = postSolution
		{A8DCD241-939A-4C31-A32E-9062377180AC}.Debug|Any CPU.ActiveCfg = Debug|Any CPU
		{A8DCD241-939A-4C31-A32E-9062377180AC}.Debug|Any CPU.Build.0 = Debug|Any CPU
		{A8DCD241-939A-4C31-A32E-9062377180AC}.Release|Any CPU.ActiveCfg = Release|Any CPU
		{A8DCD241-939A-4C31-A32E-9062377180AC}.Release|Any CPU.Build.0 = Release|Any CPU
	EndGlobalSection
	GlobalSection(SolutionProperties) = preSolution
		HideSolutionNode = FALSE
	EndGlobalSection
	GlobalSection(ExtensibilityGlobals) = postSolution
		SolutionGuid = {C155572C-D58A-4142-9A2A-DB0B3D9ECD36}
	EndGlobalSection
EndGlobal
