
Microsoft Visual Studio Solution File, Format Version 12.00
# Visual Studio Version 16
VisualStudioVersion = 16.0.31112.23
MinimumVisualStudioVersion = 10.0.40219.1
Project("{FAE04EC0-301F-11D3-BF4B-00C04F79EFBC}") = "BackgroundWorker", "BackgroundWorker\BackgroundWorker.csproj", "{C059D375-BAA3-44CB-A440-BCEF4F7C3707}"
EndProject
Global
	GlobalSection(SolutionConfigurationPlatforms) = preSolution
		Debug|Any CPU = Debug|Any CPU
		Release|Any CPU = Release|Any CPU
	EndGlobalSection
	GlobalSection(ProjectConfigurationPlatforms) = postSolution
		{C059D375-BAA3-44CB-A440-BCEF4F7C3707}.Debug|Any CPU.ActiveCfg = Debug|Any CPU
		{C059D375-BAA3-44CB-A440-BCEF4F7C3707}.Debug|Any CPU.Build.0 = Debug|Any CPU
		{C059D375-BAA3-44CB-A440-BCEF4F7C3707}.Release|Any CPU.ActiveCfg = Release|Any CPU
		{C059D375-BAA3-44CB-A440-BCEF4F7C3707}.Release|Any CPU.Build.0 = Release|Any CPU
	EndGlobalSection
	GlobalSection(SolutionProperties) = preSolution
		HideSolutionNode = FALSE
	EndGlobalSection
	GlobalSection(ExtensibilityGlobals) = postSolution
		SolutionGuid = {FACDF863-25F9-4CBC-8651-4C3E4A964BB6}
	EndGlobalSection
EndGlobal
